
Microsoft Visual Studio Solution File, Format Version 12.00
# Visual Studio Version 16
VisualStudioVersion = 16.0.31005.135
MinimumVisualStudioVersion = 10.0.40219.1
Project("{FAE04EC0-301F-11D3-BF4B-00C04F79EFBC}") = "Coach Form UI", "Coach Form UI.csproj", "{CF625114-129A-424C-A2AC-5FD822903555}"
EndProject
Global
	GlobalSection(SolutionConfigurationPlatforms) = preSolution
		Debug|Any CPU = Debug|Any CPU
		Release|Any CPU = Release|Any CPU
	EndGlobalSection
	GlobalSection(ProjectConfigurationPlatforms) = postSolution
		{CF625114-129A-424C-A2AC-5FD822903555}.Debug|Any CPU.ActiveCfg = Debug|Any CPU
		{CF625114-129A-424C-A2AC-5FD822903555}.Debug|Any CPU.Build.0 = Debug|Any CPU
		{CF625114-129A-424C-A2AC-5FD822903555}.Release|Any CPU.ActiveCfg = Release|Any CPU
		{CF625114-129A-424C-A2AC-5FD822903555}.Release|Any CPU.Build.0 = Release|Any CPU
	EndGlobalSection
	GlobalSection(SolutionProperties) = preSolution
		HideSolutionNode = FALSE
	EndGlobalSection
	GlobalSection(ExtensibilityGlobals) = postSolution
		SolutionGuid = {FD76707C-96AD-41A4-8E98-255A0F98A0AA}
	EndGlobalSection
EndGlobal
