
Microsoft Visual Studio Solution File, Format Version 12.00
# Visual Studio Version 16
VisualStudioVersion = 16.0.31005.135
MinimumVisualStudioVersion = 10.0.40219.1
Project("{FAE04EC0-301F-11D3-BF4B-00C04F79EFBC}") = "Coach Form UI", "Coach Form UI.csproj", "{CF625114-129A-424C-A2AC-5FD822903555}"
EndProject
Project("{FAE04EC0-301F-11D3-BF4B-00C04F79EFBC}") = "Coach UI Test", "..\Coach UI Test\Coach UI Test.csproj", "{E1823CC4-6D73-47E2-9662-F3C6B186A2D7}"
EndProject
Project("{00D1A9C2-B5F0-4AF3-8072-F6C62B433612}") = "CoachDATABASE", "..\CoachDATABASE\CoachDATABASE.sqlproj", "{76D32DD7-BAFE-47C8-A451-460C94090DAF}"
EndProject
Global
	GlobalSection(SolutionConfigurationPlatforms) = preSolution
		Debug|Any CPU = Debug|Any CPU
		Release|Any CPU = Release|Any CPU
	EndGlobalSection
	GlobalSection(ProjectConfigurationPlatforms) = postSolution
		{CF625114-129A-424C-A2AC-5FD822903555}.Debug|Any CPU.ActiveCfg = Debug|Any CPU
		{CF625114-129A-424C-A2AC-5FD822903555}.Debug|Any CPU.Build.0 = Debug|Any CPU
		{CF625114-129A-424C-A2AC-5FD822903555}.Release|Any CPU.ActiveCfg = Release|Any CPU
		{CF625114-129A-424C-A2AC-5FD822903555}.Release|Any CPU.Build.0 = Release|Any CPU
		{E1823CC4-6D73-47E2-9662-F3C6B186A2D7}.Debug|Any CPU.ActiveCfg = Debug|Any CPU
		{E1823CC4-6D73-47E2-9662-F3C6B186A2D7}.Debug|Any CPU.Build.0 = Debug|Any CPU
		{E1823CC4-6D73-47E2-9662-F3C6B186A2D7}.Release|Any CPU.ActiveCfg = Release|Any CPU
		{E1823CC4-6D73-47E2-9662-F3C6B186A2D7}.Release|Any CPU.Build.0 = Release|Any CPU
		{76D32DD7-BAFE-47C8-A451-460C94090DAF}.Debug|Any CPU.ActiveCfg = Debug|Any CPU
		{76D32DD7-BAFE-47C8-A451-460C94090DAF}.Debug|Any CPU.Build.0 = Debug|Any CPU
		{76D32DD7-BAFE-47C8-A451-460C94090DAF}.Debug|Any CPU.Deploy.0 = Debug|Any CPU
		{76D32DD7-BAFE-47C8-A451-460C94090DAF}.Release|Any CPU.ActiveCfg = Release|Any CPU
		{76D32DD7-BAFE-47C8-A451-460C94090DAF}.Release|Any CPU.Build.0 = Release|Any CPU
		{76D32DD7-BAFE-47C8-A451-460C94090DAF}.Release|Any CPU.Deploy.0 = Release|Any CPU
	EndGlobalSection
	GlobalSection(SolutionProperties) = preSolution
		HideSolutionNode = FALSE
	EndGlobalSection
	GlobalSection(ExtensibilityGlobals) = postSolution
		SolutionGuid = {FD76707C-96AD-41A4-8E98-255A0F98A0AA}
	EndGlobalSection
EndGlobal
